
Microsoft Visual Studio Solution File, Format Version 12.00
# Visual Studio 15
VisualStudioVersion = 15.0.27703.2026
MinimumVisualStudioVersion = 10.0.40219.1
Project("{9A19103F-16F7-4668-BE54-9A1E7A4F7556}") = "NetCoreReactReduxAdvanced", "NetCoreReactReduxAdvanced\NetCoreReactReduxAdvanced.csproj", "{4D179021-9D8B-4882-A25F-650FBBE546A4}"
EndProject
Global
	GlobalSection(SolutionConfigurationPlatforms) = preSolution
		Debug|Any CPU = Debug|Any CPU
		Release|Any CPU = Release|Any CPU
	EndGlobalSection
	GlobalSection(ProjectConfigurationPlatforms) = postSolution
		{4D179021-9D8B-4882-A25F-650FBBE546A4}.Debug|Any CPU.ActiveCfg = Debug|Any CPU
		{4D179021-9D8B-4882-A25F-650FBBE546A4}.Debug|Any CPU.Build.0 = Debug|Any CPU
		{4D179021-9D8B-4882-A25F-650FBBE546A4}.Release|Any CPU.ActiveCfg = Release|Any CPU
		{4D179021-9D8B-4882-A25F-650FBBE546A4}.Release|Any CPU.Build.0 = Release|Any CPU
	EndGlobalSection
	GlobalSection(SolutionProperties) = preSolution
		HideSolutionNode = FALSE
	EndGlobalSection
	GlobalSection(ExtensibilityGlobals) = postSolution
		SolutionGuid = {890F5A98-99A3-4F8A-BB1F-96B1EEFB92CB}
	EndGlobalSection
EndGlobal
